# THIS IS AN AUTOGENERATED FILE. DO NOT EDIT THIS FILE DIRECTLY.
# yarn lockfile v1


highlightjs-vue@^1.0.0:
  version "1.0.0"
  resolved "https://registry.yarnpkg.com/highlightjs-vue/-/highlightjs-vue-1.0.0.tgz#fdfe97fbea6354e70ee44e3a955875e114db086d"
  integrity sha512-PDEfEF102G23vHmPhLyPboFCD+BkMGu+GuJe2d9/eH4FsCwvgBpnc9n0pGE+ffKdph38s6foEZiEjdgHdzp+IA==

milligram@^1.4.1:
  version "1.4.1"
  resolved "https://registry.yarnpkg.com/milligram/-/milligram-1.4.1.tgz#6c8c781541b0d994ccca784c60f0aca1f7104b42"
  integrity sha512-RCgh/boHhcXWOUfKJWm3RJRoUeaEguoipDg0mJ31G0tFfvcpWMUlO1Zlqqr12K4kAXfDlllaidu0x7PaL2PTFg==
  dependencies:
    normalize.css "~8.0.1"

normalize.css@~8.0.1:
  version "8.0.1"
  resolved "https://registry.yarnpkg.com/normalize.css/-/normalize.css-8.0.1.tgz#9b98a208738b9cc2634caacbc42d131c97487bf3"
  integrity sha512-qizSNPO93t1YUuUhP22btGOo3chcvDFqFaj2TRybP0DMxkHOCTYwp3n34fel4a31ORXy4m1Xq0Gyqpb5m33qIg==

reveal.js@^4.0.2:
  version "4.0.2"
  resolved "https://registry.yarnpkg.com/reveal.js/-/reveal.js-4.0.2.tgz#2e5e9f8ed0fa239924b448f21d4238c5aa6e852e"
  integrity sha512-LWZSUenufF1gpD7npxJ7KfoQQFKgc1D6XrLTFgKlwWNP1BQ74hT48KONFWMAw+8R/QUeaScCLCLrBVHDfFIEiw==

vue@^2.6.11:
  version "2.6.11"
  resolved "https://registry.yarnpkg.com/vue/-/vue-2.6.11.tgz#76594d877d4b12234406e84e35275c6d514125c5"
  integrity sha512-VfPwgcGABbGAue9+sfrD4PuwFar7gPb1yl1UK1MwXoQPAw0BKSqWfoYCT/ThFrdEVWoI51dBuyCoiNU9bZDZxQ==
